
Microsoft Visual Studio Solution File, Format Version 12.00
# Visual Studio Version 17
VisualStudioVersion = 17.10.35122.118
MinimumVisualStudioVersion = 10.0.40219.1
Project("{FAE04EC0-301F-11D3-BF4B-00C04F79EFBC}") = "WebApiDotNet", "WebApiDotNet\WebApiDotNet.csproj", "{D5A8EB70-17F1-46FE-83B6-BD889D984122}"
EndProject
Global
	GlobalSection(SolutionConfigurationPlatforms) = preSolution
		Debug|Any CPU = Debug|Any CPU
		Release|Any CPU = Release|Any CPU
	EndGlobalSection
	GlobalSection(ProjectConfigurationPlatforms) = postSolution
		{D5A8EB70-17F1-46FE-83B6-BD889D984122}.Debug|Any CPU.ActiveCfg = Debug|Any CPU
		{D5A8EB70-17F1-46FE-83B6-BD889D984122}.Debug|Any CPU.Build.0 = Debug|Any CPU
		{D5A8EB70-17F1-46FE-83B6-BD889D984122}.Release|Any CPU.ActiveCfg = Release|Any CPU
		{D5A8EB70-17F1-46FE-83B6-BD889D984122}.Release|Any CPU.Build.0 = Release|Any CPU
	EndGlobalSection
	GlobalSection(SolutionProperties) = preSolution
		HideSolutionNode = FALSE
	EndGlobalSection
	GlobalSection(ExtensibilityGlobals) = postSolution
		SolutionGuid = {B442A2D7-2BD2-4A24-BBED-0926CF14C34E}
	EndGlobalSection
EndGlobal
